
Microsoft Visual Studio Solution File, Format Version 12.00
# Visual Studio 15
VisualStudioVersion = 15.0.27004.2009
MinimumVisualStudioVersion = 10.0.40219.1
Project("{FAE04EC0-301F-11D3-BF4B-00C04F79EFBC}") = "SynetecMvcAssessment", "SynetecMvcAssessment\SynetecMvcAssessment.csproj", "{ADB94C4B-2A3E-4F85-A015-389E5DAA3904}"
EndProject
Project("{9A19103F-16F7-4668-BE54-9A1E7A4F7556}") = "BusinessEntities", "BusinessEntities\BusinessEntities.csproj", "{0F36BBF2-3D42-4010-A10D-2368C7C66C40}"
EndProject
Project("{FAE04EC0-301F-11D3-BF4B-00C04F79EFBC}") = "SynetecMvcAssessment.Tests", "SynetecMvcAssessment.Test\SynetecMvcAssessment.Tests.csproj", "{100C2BCA-EA1E-4A5A-9639-8A567DF6B2F8}"
EndProject
Global
	GlobalSection(SolutionConfigurationPlatforms) = preSolution
		Debug|Any CPU = Debug|Any CPU
		Release|Any CPU = Release|Any CPU
	EndGlobalSection
	GlobalSection(ProjectConfigurationPlatforms) = postSolution
		{ADB94C4B-2A3E-4F85-A015-389E5DAA3904}.Debug|Any CPU.ActiveCfg = Debug|Any CPU
		{ADB94C4B-2A3E-4F85-A015-389E5DAA3904}.Debug|Any CPU.Build.0 = Debug|Any CPU
		{ADB94C4B-2A3E-4F85-A015-389E5DAA3904}.Release|Any CPU.ActiveCfg = Release|Any CPU
		{ADB94C4B-2A3E-4F85-A015-389E5DAA3904}.Release|Any CPU.Build.0 = Release|Any CPU
		{0F36BBF2-3D42-4010-A10D-2368C7C66C40}.Debug|Any CPU.ActiveCfg = Debug|Any CPU
		{0F36BBF2-3D42-4010-A10D-2368C7C66C40}.Debug|Any CPU.Build.0 = Debug|Any CPU
		{0F36BBF2-3D42-4010-A10D-2368C7C66C40}.Release|Any CPU.ActiveCfg = Release|Any CPU
		{0F36BBF2-3D42-4010-A10D-2368C7C66C40}.Release|Any CPU.Build.0 = Release|Any CPU
		{100C2BCA-EA1E-4A5A-9639-8A567DF6B2F8}.Debug|Any CPU.ActiveCfg = Debug|Any CPU
		{100C2BCA-EA1E-4A5A-9639-8A567DF6B2F8}.Debug|Any CPU.Build.0 = Debug|Any CPU
		{100C2BCA-EA1E-4A5A-9639-8A567DF6B2F8}.Release|Any CPU.ActiveCfg = Release|Any CPU
		{100C2BCA-EA1E-4A5A-9639-8A567DF6B2F8}.Release|Any CPU.Build.0 = Release|Any CPU
	EndGlobalSection
	GlobalSection(SolutionProperties) = preSolution
		HideSolutionNode = FALSE
	EndGlobalSection
	GlobalSection(ExtensibilityGlobals) = postSolution
		SolutionGuid = {28136C76-A539-4033-A9EF-B23E55B08D8C}
	EndGlobalSection
EndGlobal
